// !$*UTF8*$!
{
	archiveVersion = 1;
	classes = {
	};
	objectVersion = 56;
	objects = {

/* Begin PBXBuildFile section */
		A019A2442D982916002433E7 /* PomodoroSession.swift in Sources */ = {isa = PBXBuildFile; fileRef = A019A2432D982916002433E7 /* PomodoroSession.swift */; };
		A019A2462D9829AB002433E7 /* FocusCategory.swift in Sources */ = {isa = PBXBuildFile; fileRef = A019A2452D9829AB002433E7 /* FocusCategory.swift */; };
		A019A2482D982A1B002433E7 /* DailyHistory.swift in Sources */ = {isa = PBXBuildFile; fileRef = A019A2472D982A1B002433E7 /* DailyHistory.swift */; };
		A019A24A2D982D26002433E7 /* PomodoroTimerViewModel.swift in Sources */ = {isa = PBXBuildFile; fileRef = A019A2492D982D26002433E7 /* PomodoroTimerViewModel.swift */; };
		A019A24C2D984352002433E7 /* MainView.swift in Sources */ = {isa = PBXBuildFile; fileRef = A019A24B2D984352002433E7 /* MainView.swift */; };
		A019A24E2D98435D002433E7 /* SettingsView.swift in Sources */ = {isa = PBXBuildFile; fileRef = A019A24D2D98435D002433E7 /* SettingsView.swift */; };
		A019A2502D98436A002433E7 /* HistoryView.swift in Sources */ = {isa = PBXBuildFile; fileRef = A019A24F2D98436A002433E7 /* HistoryView.swift */; };
		A019A2522D985138002433E7 /* CategorySheetView.swift in Sources */ = {isa = PBXBuildFile; fileRef = A019A2512D985138002433E7 /* CategorySheetView.swift */; };
		A019A2542D9C0A84002433E7 /* TimerButton.swift in Sources */ = {isa = PBXBuildFile; fileRef = A019A2532D9C0A84002433E7 /* TimerButton.swift */; };
		A07EF27C2D982426009C6264 /* Pomodoro_AppApp.swift in Sources */ = {isa = PBXBuildFile; fileRef = A07EF27B2D982426009C6264 /* Pomodoro_AppApp.swift */; };
		A07EF27E2D982426009C6264 /* ContentView.swift in Sources */ = {isa = PBXBuildFile; fileRef = A07EF27D2D982426009C6264 /* ContentView.swift */; };
		A07EF2802D982427009C6264 /* Assets.xcassets in Resources */ = {isa = PBXBuildFile; fileRef = A07EF27F2D982427009C6264 /* Assets.xcassets */; };
		A07EF2832D982427009C6264 /* Preview Assets.xcassets in Resources */ = {isa = PBXBuildFile; fileRef = A07EF2822D982427009C6264 /* Preview Assets.xcassets */; };
/* End PBXBuildFile section */

/* Begin PBXFileReference section */
		A019A2432D982916002433E7 /* PomodoroSession.swift */ = {isa = PBXFileReference; lastKnownFileType = sourcecode.swift; path = PomodoroSession.swift; sourceTree = "<group>"; };
		A019A2452D9829AB002433E7 /* FocusCategory.swift */ = {isa = PBXFileReference; lastKnownFileType = sourcecode.swift; path = FocusCategory.swift; sourceTree = "<group>"; };
		A019A2472D982A1B002433E7 /* DailyHistory.swift */ = {isa = PBXFileReference; lastKnownFileType = sourcecode.swift; path = DailyHistory.swift; sourceTree = "<group>"; };
		A019A2492D982D26002433E7 /* PomodoroTimerViewModel.swift */ = {isa = PBXFileReference; lastKnownFileType = sourcecode.swift; path = PomodoroTimerViewModel.swift; sourceTree = "<group>"; };
		A019A24B2D984352002433E7 /* MainView.swift */ = {isa = PBXFileReference; lastKnownFileType = sourcecode.swift; path = MainView.swift; sourceTree = "<group>"; };
		A019A24D2D98435D002433E7 /* SettingsView.swift */ = {isa = PBXFileReference; lastKnownFileType = sourcecode.swift; path = SettingsView.swift; sourceTree = "<group>"; };
		A019A24F2D98436A002433E7 /* HistoryView.swift */ = {isa = PBXFileReference; lastKnownFileType = sourcecode.swift; path = HistoryView.swift; sourceTree = "<group>"; };
		A019A2512D985138002433E7 /* CategorySheetView.swift */ = {isa = PBXFileReference; lastKnownFileType = sourcecode.swift; path = CategorySheetView.swift; sourceTree = "<group>"; };
		A019A2532D9C0A84002433E7 /* TimerButton.swift */ = {isa = PBXFileReference; lastKnownFileType = sourcecode.swift; path = TimerButton.swift; sourceTree = "<group>"; };
		A07EF2782D982426009C6264 /* Pomodoro App.app */ = {isa = PBXFileReference; explicitFileType = wrapper.application; includeInIndex = 0; path = "Pomodoro App.app"; sourceTree = BUILT_PRODUCTS_DIR; };
		A07EF27B2D982426009C6264 /* Pomodoro_AppApp.swift */ = {isa = PBXFileReference; lastKnownFileType = sourcecode.swift; path = Pomodoro_AppApp.swift; sourceTree = "<group>"; };
		A07EF27D2D982426009C6264 /* ContentView.swift */ = {isa = PBXFileReference; lastKnownFileType = sourcecode.swift; path = ContentView.swift; sourceTree = "<group>"; };
		A07EF27F2D982427009C6264 /* Assets.xcassets */ = {isa = PBXFileReference; lastKnownFileType = folder.assetcatalog; path = Assets.xcassets; sourceTree = "<group>"; };
		A07EF2822D982427009C6264 /* Preview Assets.xcassets */ = {isa = PBXFileReference; lastKnownFileType = folder.assetcatalog; path = "Preview Assets.xcassets"; sourceTree = "<group>"; };
/* End PBXFileReference section */

/* Begin PBXFrameworksBuildPhase section */
		A07EF2752D982426009C6264 /* Frameworks */ = {
			isa = PBXFrameworksBuildPhase;
			buildActionMask = 2147483647;
			files = (
			);
			runOnlyForDeploymentPostprocessing = 0;
		};
/* End PBXFrameworksBuildPhase section */

/* Begin PBXGroup section */
		A019A2402D9828F3002433E7 /* Model */ = {
			isa = PBXGroup;
			children = (
				A019A2432D982916002433E7 /* PomodoroSession.swift */,
				A019A2452D9829AB002433E7 /* FocusCategory.swift */,
				A019A2472D982A1B002433E7 /* DailyHistory.swift */,
			);
			path = Model;
			sourceTree = "<group>";
		};
		A019A2412D9828FA002433E7 /* View */ = {
			isa = PBXGroup;
			children = (
				A07EF27D2D982426009C6264 /* ContentView.swift */,
				A019A24B2D984352002433E7 /* MainView.swift */,
				A019A24D2D98435D002433E7 /* SettingsView.swift */,
				A019A24F2D98436A002433E7 /* HistoryView.swift */,
				A019A2512D985138002433E7 /* CategorySheetView.swift */,
				A019A2532D9C0A84002433E7 /* TimerButton.swift */,
			);
			path = View;
			sourceTree = "<group>";
		};
		A019A2422D9828FE002433E7 /* ViewModel */ = {
			isa = PBXGroup;
			children = (
				A019A2492D982D26002433E7 /* PomodoroTimerViewModel.swift */,
			);
			path = ViewModel;
			sourceTree = "<group>";
		};
		A07EF26F2D982426009C6264 = {
			isa = PBXGroup;
			children = (
				A07EF27A2D982426009C6264 /* Pomodoro App */,
				A07EF2792D982426009C6264 /* Products */,
			);
			sourceTree = "<group>";
		};
		A07EF2792D982426009C6264 /* Products */ = {
			isa = PBXGroup;
			children = (
				A07EF2782D982426009C6264 /* Pomodoro App.app */,
			);
			name = Products;
			sourceTree = "<group>";
		};
		A07EF27A2D982426009C6264 /* Pomodoro App */ = {
			isa = PBXGroup;
			children = (
				A019A2402D9828F3002433E7 /* Model */,
				A019A2412D9828FA002433E7 /* View */,
				A019A2422D9828FE002433E7 /* ViewModel */,
				A07EF27B2D982426009C6264 /* Pomodoro_AppApp.swift */,
				A07EF27F2D982427009C6264 /* Assets.xcassets */,
				A07EF2812D982427009C6264 /* Preview Content */,
			);
			path = "Pomodoro App";
			sourceTree = "<group>";
		};
		A07EF2812D982427009C6264 /* Preview Content */ = {
			isa = PBXGroup;
			children = (
				A07EF2822D982427009C6264 /* Preview Assets.xcassets */,
			);
			path = "Preview Content";
			sourceTree = "<group>";
		};
/* End PBXGroup section */

/* Begin PBXNativeTarget section */
		A07EF2772D982426009C6264 /* Pomodoro App */ = {
			isa = PBXNativeTarget;
			buildConfigurationList = A07EF2862D982427009C6264 /* Build configuration list for PBXNativeTarget "Pomodoro App" */;
			buildPhases = (
				A07EF2742D982426009C6264 /* Sources */,
				A07EF2752D982426009C6264 /* Frameworks */,
				A07EF2762D982426009C6264 /* Resources */,
			);
			buildRules = (
			);
			dependencies = (
			);
			name = "Pomodoro App";
			productName = "Pomodoro App";
			productReference = A07EF2782D982426009C6264 /* Pomodoro App.app */;
			productType = "com.apple.product-type.application";
		};
/* End PBXNativeTarget section */

/* Begin PBXProject section */
		A07EF2702D982426009C6264 /* Project object */ = {
			isa = PBXProject;
			attributes = {
				BuildIndependentTargetsInParallel = 1;
				LastSwiftUpdateCheck = 1540;
				LastUpgradeCheck = 1540;
				TargetAttributes = {
					A07EF2772D982426009C6264 = {
						CreatedOnToolsVersion = 15.4;
					};
				};
			};
			buildConfigurationList = A07EF2732D982426009C6264 /* Build configuration list for PBXProject "Pomodoro App" */;
			compatibilityVersion = "Xcode 14.0";
			developmentRegion = en;
			hasScannedForEncodings = 0;
			knownRegions = (
				en,
				Base,
			);
			mainGroup = A07EF26F2D982426009C6264;
			productRefGroup = A07EF2792D982426009C6264 /* Products */;
			projectDirPath = "";
			projectRoot = "";
			targets = (
				A07EF2772D982426009C6264 /* Pomodoro App */,
			);
		};
/* End PBXProject section */

/* Begin PBXResourcesBuildPhase section */
		A07EF2762D982426009C6264 /* Resources */ = {
			isa = PBXResourcesBuildPhase;
			buildActionMask = 2147483647;
			files = (
				A07EF2832D982427009C6264 /* Preview Assets.xcassets in Resources */,
				A07EF2802D982427009C6264 /* Assets.xcassets in Resources */,
			);
			runOnlyForDeploymentPostprocessing = 0;
		};
/* End PBXResourcesBuildPhase section */

/* Begin PBXSourcesBuildPhase section */
		A07EF2742D982426009C6264 /* Sources */ = {
			isa = PBXSourcesBuildPhase;
			buildActionMask = 2147483647;
			files = (
				A019A2542D9C0A84002433E7 /* TimerButton.swift in Sources */,
				A019A2522D985138002433E7 /* CategorySheetView.swift in Sources */,
				A019A2462D9829AB002433E7 /* FocusCategory.swift in Sources */,
				A019A24E2D98435D002433E7 /* SettingsView.swift in Sources */,
				A019A24C2D984352002433E7 /* MainView.swift in Sources */,
				A019A2482D982A1B002433E7 /* DailyHistory.swift in Sources */,
				A019A2442D982916002433E7 /* PomodoroSession.swift in Sources */,
				A019A24A2D982D26002433E7 /* PomodoroTimerViewModel.swift in Sources */,
				A07EF27E2D982426009C6264 /* ContentView.swift in Sources */,
				A019A2502D98436A002433E7 /* HistoryView.swift in Sources */,
				A07EF27C2D982426009C6264 /* Pomodoro_AppApp.swift in Sources */,
			);
			runOnlyForDeploymentPostprocessing = 0;
		};
/* End PBXSourcesBuildPhase section */

/* Begin XCBuildConfiguration section */
		A07EF2842D982427009C6264 /* Debug */ = {
			isa = XCBuildConfiguration;
			buildSettings = {
				ALWAYS_SEARCH_USER_PATHS = NO;
				ASSETCATALOG_COMPILER_GENERATE_SWIFT_ASSET_SYMBOL_EXTENSIONS = YES;
				CLANG_ANALYZER_NONNULL = YES;
				CLANG_ANALYZER_NUMBER_OBJECT_CONVERSION = YES_AGGRESSIVE;
				CLANG_CXX_LANGUAGE_STANDARD = "gnu++20";
				CLANG_ENABLE_MODULES = YES;
				CLANG_ENABLE_OBJC_ARC = YES;
				CLANG_ENABLE_OBJC_WEAK = YES;
				CLANG_WARN_BLOCK_CAPTURE_AUTORELEASING = YES;
				CLANG_WARN_BOOL_CONVERSION = YES;
				CLANG_WARN_COMMA = YES;
				CLANG_WARN_CONSTANT_CONVERSION = YES;
				CLANG_WARN_DEPRECATED_OBJC_IMPLEMENTATIONS = YES;
				CLANG_WARN_DIRECT_OBJC_ISA_USAGE = YES_ERROR;
				CLANG_WARN_DOCUMENTATION_COMMENTS = YES;
				CLANG_WARN_EMPTY_BODY = YES;
				CLANG_WARN_ENUM_CONVERSION = YES;
				CLANG_WARN_INFINITE_RECURSION = YES;
				CLANG_WARN_INT_CONVERSION = YES;
				CLANG_WARN_NON_LITERAL_NULL_CONVERSION = YES;
				CLANG_WARN_OBJC_IMPLICIT_RETAIN_SELF = YES;
				CLANG_WARN_OBJC_LITERAL_CONVERSION = YES;
				CLANG_WARN_OBJC_ROOT_CLASS = YES_ERROR;
				CLANG_WARN_QUOTED_INCLUDE_IN_FRAMEWORK_HEADER = YES;
				CLANG_WARN_RANGE_LOOP_ANALYSIS = YES;
				CLANG_WARN_STRICT_PROTOTYPES = YES;
				CLANG_WARN_SUSPICIOUS_MOVE = YES;
				CLANG_WARN_UNGUARDED_AVAILABILITY = YES_AGGRESSIVE;
				CLANG_WARN_UNREACHABLE_CODE = YES;
				CLANG_WARN__DUPLICATE_METHOD_MATCH = YES;
				COPY_PHASE_STRIP = NO;
				DEBUG_INFORMATION_FORMAT = dwarf;
				ENABLE_STRICT_OBJC_MSGSEND = YES;
				ENABLE_TESTABILITY = YES;
				ENABLE_USER_SCRIPT_SANDBOXING = YES;
				GCC_C_LANGUAGE_STANDARD = gnu17;
				GCC_DYNAMIC_NO_PIC = NO;
				GCC_NO_COMMON_BLOCKS = YES;
				GCC_OPTIMIZATION_LEVEL = 0;
				GCC_PREPROCESSOR_DEFINITIONS = (
					"DEBUG=1",
					"$(inherited)",
				);
				GCC_WARN_64_TO_32_BIT_CONVERSION = YES;
				GCC_WARN_ABOUT_RETURN_TYPE = YES_ERROR;
				GCC_WARN_UNDECLARED_SELECTOR = YES;
				GCC_WARN_UNINITIALIZED_AUTOS = YES_AGGRESSIVE;
				GCC_WARN_UNUSED_FUNCTION = YES;
				GCC_WARN_UNUSED_VARIABLE = YES;
				IPHONEOS_DEPLOYMENT_TARGET = 17.5;
				LOCALIZATION_PREFERS_STRING_CATALOGS = YES;
				MTL_ENABLE_DEBUG_INFO = INCLUDE_SOURCE;
				MTL_FAST_MATH = YES;
				ONLY_ACTIVE_ARCH = YES;
				SDKROOT = iphoneos;
				SWIFT_ACTIVE_COMPILATION_CONDITIONS = "DEBUG $(inherited)";
				SWIFT_OPTIMIZATION_LEVEL = "-Onone";
			};
			name = Debug;
		};
		A07EF2852D982427009C6264 /* Release */ = {
			isa = XCBuildConfiguration;
			buildSettings = {
				ALWAYS_SEARCH_USER_PATHS = NO;
				ASSETCATALOG_COMPILER_GENERATE_SWIFT_ASSET_SYMBOL_EXTENSIONS = YES;
				CLANG_ANALYZER_NONNULL = YES;
				CLANG_ANALYZER_NUMBER_OBJECT_CONVERSION = YES_AGGRESSIVE;
				CLANG_CXX_LANGUAGE_STANDARD = "gnu++20";
				CLANG_ENABLE_MODULES = YES;
				CLANG_ENABLE_OBJC_ARC = YES;
				CLANG_ENABLE_OBJC_WEAK = YES;
				CLANG_WARN_BLOCK_CAPTURE_AUTORELEASING = YES;
				CLANG_WARN_BOOL_CONVERSION = YES;
				CLANG_WARN_COMMA = YES;
				CLANG_WARN_CONSTANT_CONVERSION = YES;
				CLANG_WARN_DEPRECATED_OBJC_IMPLEMENTATIONS = YES;
				CLANG_WARN_DIRECT_OBJC_ISA_USAGE = YES_ERROR;
				CLANG_WARN_DOCUMENTATION_COMMENTS = YES;
				CLANG_WARN_EMPTY_BODY = YES;
				CLANG_WARN_ENUM_CONVERSION = YES;
				CLANG_WARN_INFINITE_RECURSION = YES;
				CLANG_WARN_INT_CONVERSION = YES;
				CLANG_WARN_NON_LITERAL_NULL_CONVERSION = YES;
				CLANG_WARN_OBJC_IMPLICIT_RETAIN_SELF = YES;
				CLANG_WARN_OBJC_LITERAL_CONVERSION = YES;
				CLANG_WARN_OBJC_ROOT_CLASS = YES_ERROR;
				CLANG_WARN_QUOTED_INCLUDE_IN_FRAMEWORK_HEADER = YES;
				CLANG_WARN_RANGE_LOOP_ANALYSIS = YES;
				CLANG_WARN_STRICT_PROTOTYPES = YES;
				CLANG_WARN_SUSPICIOUS_MOVE = YES;
				CLANG_WARN_UNGUARDED_AVAILABILITY = YES_AGGRESSIVE;
				CLANG_WARN_UNREACHABLE_CODE = YES;
				CLANG_WARN__DUPLICATE_METHOD_MATCH = YES;
				COPY_PHASE_STRIP = NO;
				DEBUG_INFORMATION_FORMAT = "dwarf-with-dsym";
				ENABLE_NS_ASSERTIONS = NO;
				ENABLE_STRICT_OBJC_MSGSEND = YES;
				ENABLE_USER_SCRIPT_SANDBOXING = YES;
				GCC_C_LANGUAGE_STANDARD = gnu17;
				GCC_NO_COMMON_BLOCKS = YES;
				GCC_WARN_64_TO_32_BIT_CONVERSION = YES;
				GCC_WARN_ABOUT_RETURN_TYPE = YES_ERROR;
				GCC_WARN_UNDECLARED_SELECTOR = YES;
				GCC_WARN_UNINITIALIZED_AUTOS = YES_AGGRESSIVE;
				GCC_WARN_UNUSED_FUNCTION = YES;
				GCC_WARN_UNUSED_VARIABLE = YES;
				IPHONEOS_DEPLOYMENT_TARGET = 17.5;
				LOCALIZATION_PREFERS_STRING_CATALOGS = YES;
				MTL_ENABLE_DEBUG_INFO = NO;
				MTL_FAST_MATH = YES;
				SDKROOT = iphoneos;
				SWIFT_COMPILATION_MODE = wholemodule;
				VALIDATE_PRODUCT = YES;
			};
			name = Release;
		};
		A07EF2872D982427009C6264 /* Debug */ = {
			isa = XCBuildConfiguration;
			buildSettings = {
				ASSETCATALOG_COMPILER_APPICON_NAME = AppIcon;
				ASSETCATALOG_COMPILER_GLOBAL_ACCENT_COLOR_NAME = AccentColor;
				CODE_SIGN_STYLE = Automatic;
				CURRENT_PROJECT_VERSION = 1;
				DEVELOPMENT_ASSET_PATHS = "\"Pomodoro App/Preview Content\"";
				ENABLE_PREVIEWS = YES;
				GENERATE_INFOPLIST_FILE = YES;
				INFOPLIST_KEY_UIApplicationSceneManifest_Generation = YES;
				INFOPLIST_KEY_UIApplicationSupportsIndirectInputEvents = YES;
				INFOPLIST_KEY_UILaunchScreen_Generation = YES;
				INFOPLIST_KEY_UISupportedInterfaceOrientations_iPad = "UIInterfaceOrientationPortrait UIInterfaceOrientationPortraitUpsideDown UIInterfaceOrientationLandscapeLeft UIInterfaceOrientationLandscapeRight";
				INFOPLIST_KEY_UISupportedInterfaceOrientations_iPhone = "UIInterfaceOrientationPortrait UIInterfaceOrientationLandscapeLeft UIInterfaceOrientationLandscapeRight";
				LD_RUNPATH_SEARCH_PATHS = (
					"$(inherited)",
					"@executable_path/Frameworks",
				);
				MARKETING_VERSION = 1.0;
				PRODUCT_BUNDLE_IDENTIFIER = "com.ladletl.Pomodoro-App";
				PRODUCT_NAME = "$(TARGET_NAME)";
				SWIFT_EMIT_LOC_STRINGS = YES;
				SWIFT_VERSION = 5.0;
				TARGETED_DEVICE_FAMILY = "1,2";
			};
			name = Debug;
		};
		A07EF2882D982427009C6264 /* Release */ = {
			isa = XCBuildConfiguration;
			buildSettings = {
				ASSETCATALOG_COMPILER_APPICON_NAME = AppIcon;
				ASSETCATALOG_COMPILER_GLOBAL_ACCENT_COLOR_NAME = AccentColor;
				CODE_SIGN_STYLE = Automatic;
				CURRENT_PROJECT_VERSION = 1;
				DEVELOPMENT_ASSET_PATHS = "\"Pomodoro App/Preview Content\"";
				ENABLE_PREVIEWS = YES;
				GENERATE_INFOPLIST_FILE = YES;
				INFOPLIST_KEY_UIApplicationSceneManifest_Generation = YES;
				INFOPLIST_KEY_UIApplicationSupportsIndirectInputEvents = YES;
				INFOPLIST_KEY_UILaunchScreen_Generation = YES;
				INFOPLIST_KEY_UISupportedInterfaceOrientations_iPad = "UIInterfaceOrientationPortrait UIInterfaceOrientationPortraitUpsideDown UIInterfaceOrientationLandscapeLeft UIInterfaceOrientationLandscapeRight";
				INFOPLIST_KEY_UISupportedInterfaceOrientations_iPhone = "UIInterfaceOrientationPortrait UIInterfaceOrientationLandscapeLeft UIInterfaceOrientationLandscapeRight";
				LD_RUNPATH_SEARCH_PATHS = (
					"$(inherited)",
					"@executable_path/Frameworks",
				);
				MARKETING_VERSION = 1.0;
				PRODUCT_BUNDLE_IDENTIFIER = "com.ladletl.Pomodoro-App";
				PRODUCT_NAME = "$(TARGET_NAME)";
				SWIFT_EMIT_LOC_STRINGS = YES;
				SWIFT_VERSION = 5.0;
				TARGETED_DEVICE_FAMILY = "1,2";
			};
			name = Release;
		};
/* End XCBuildConfiguration section */

/* Begin XCConfigurationList section */
		A07EF2732D982426009C6264 /* Build configuration list for PBXProject "Pomodoro App" */ = {
			isa = XCConfigurationList;
			buildConfigurations = (
				A07EF2842D982427009C6264 /* Debug */,
				A07EF2852D982427009C6264 /* Release */,
			);
			defaultConfigurationIsVisible = 0;
			defaultConfigurationName = Release;
		};
		A07EF2862D982427009C6264 /* Build configuration list for PBXNativeTarget "Pomodoro App" */ = {
			isa = XCConfigurationList;
			buildConfigurations = (
				A07EF2872D982427009C6264 /* Debug */,
				A07EF2882D982427009C6264 /* Release */,
			);
			defaultConfigurationIsVisible = 0;
			defaultConfigurationName = Release;
		};
/* End XCConfigurationList section */
	};
	rootObject = A07EF2702D982426009C6264 /* Project object */;
}
